
Microsoft Visual Studio Solution File, Format Version 12.00
# Visual Studio 15
VisualStudioVersion = 15.0.26430.15
MinimumVisualStudioVersion = 10.0.40219.1
Project("{FAE04EC0-301F-11D3-BF4B-00C04F79EFBC}") = "MyOwnWebsite", "MyOwnWebsite\MyOwnWebsite.csproj", "{500D5FB8-FC0F-4BE6-B56B-08C8F34F50F8}"
EndProject
Project("{FAE04EC0-301F-11D3-BF4B-00C04F79EFBC}") = "PAL(properties)", "PAL(properties)\PAL(properties).csproj", "{47597710-2192-48BD-950B-AD4C58F93D22}"
EndProject
Project("{FAE04EC0-301F-11D3-BF4B-00C04F79EFBC}") = "DAL(InterConnection)", "DAL(InterConnection)\DAL(InterConnection).csproj", "{1867566D-6CB7-422F-9475-F91A8F984BA7}"
EndProject
Project("{FAE04EC0-301F-11D3-BF4B-00C04F79EFBC}") = "BAL(DataAcessLayer)", "BAL(DataAcessLayer)\BAL(DataAcessLayer).csproj", "{0F08B4E3-71BB-4D28-94A9-C78022726955}"
EndProject
Global
	GlobalSection(SolutionConfigurationPlatforms) = preSolution
		Debug|Any CPU = Debug|Any CPU
		Release|Any CPU = Release|Any CPU
	EndGlobalSection
	GlobalSection(ProjectConfigurationPlatforms) = postSolution
		{500D5FB8-FC0F-4BE6-B56B-08C8F34F50F8}.Debug|Any CPU.ActiveCfg = Debug|Any CPU
		{500D5FB8-FC0F-4BE6-B56B-08C8F34F50F8}.Debug|Any CPU.Build.0 = Debug|Any CPU
		{500D5FB8-FC0F-4BE6-B56B-08C8F34F50F8}.Release|Any CPU.ActiveCfg = Release|Any CPU
		{500D5FB8-FC0F-4BE6-B56B-08C8F34F50F8}.Release|Any CPU.Build.0 = Release|Any CPU
		{47597710-2192-48BD-950B-AD4C58F93D22}.Debug|Any CPU.ActiveCfg = Debug|Any CPU
		{47597710-2192-48BD-950B-AD4C58F93D22}.Debug|Any CPU.Build.0 = Debug|Any CPU
		{47597710-2192-48BD-950B-AD4C58F93D22}.Release|Any CPU.ActiveCfg = Release|Any CPU
		{47597710-2192-48BD-950B-AD4C58F93D22}.Release|Any CPU.Build.0 = Release|Any CPU
		{1867566D-6CB7-422F-9475-F91A8F984BA7}.Debug|Any CPU.ActiveCfg = Debug|Any CPU
		{1867566D-6CB7-422F-9475-F91A8F984BA7}.Debug|Any CPU.Build.0 = Debug|Any CPU
		{1867566D-6CB7-422F-9475-F91A8F984BA7}.Release|Any CPU.ActiveCfg = Release|Any CPU
		{1867566D-6CB7-422F-9475-F91A8F984BA7}.Release|Any CPU.Build.0 = Release|Any CPU
		{0F08B4E3-71BB-4D28-94A9-C78022726955}.Debug|Any CPU.ActiveCfg = Debug|Any CPU
		{0F08B4E3-71BB-4D28-94A9-C78022726955}.Debug|Any CPU.Build.0 = Debug|Any CPU
		{0F08B4E3-71BB-4D28-94A9-C78022726955}.Release|Any CPU.ActiveCfg = Release|Any CPU
		{0F08B4E3-71BB-4D28-94A9-C78022726955}.Release|Any CPU.Build.0 = Release|Any CPU
	EndGlobalSection
	GlobalSection(SolutionProperties) = preSolution
		HideSolutionNode = FALSE
	EndGlobalSection
EndGlobal
